// !$*UTF8*$!
{
	archiveVersion = 1;
	classes = {
	};
	objectVersion = 56;
	objects = {

/* Begin PBXBuildFile section */
		26B6C710299D721000286136 /* FirebaseExerciseApp.swift in Sources */ = {isa = PBXBuildFile; fileRef = 26B6C70F299D721000286136 /* FirebaseExerciseApp.swift */; };
		26B6C712299D721000286136 /* ContentView.swift in Sources */ = {isa = PBXBuildFile; fileRef = 26B6C711299D721000286136 /* ContentView.swift */; };
		26B6C714299D721100286136 /* Assets.xcassets in Resources */ = {isa = PBXBuildFile; fileRef = 26B6C713299D721100286136 /* Assets.xcassets */; };
		26B6C717299D721100286136 /* Preview Assets.xcassets in Resources */ = {isa = PBXBuildFile; fileRef = 26B6C716299D721100286136 /* Preview Assets.xcassets */; };
		26B6C719299D721100286136 /* Persistence.swift in Sources */ = {isa = PBXBuildFile; fileRef = 26B6C718299D721100286136 /* Persistence.swift */; };
		26B6C71C299D721100286136 /* FirebaseExercise.xcdatamodeld in Sources */ = {isa = PBXBuildFile; fileRef = 26B6C71A299D721100286136 /* FirebaseExercise.xcdatamodeld */; };
		26B6C723299E91DB00286136 /* GoogleService-Info.plist in Resources */ = {isa = PBXBuildFile; fileRef = 26B6C722299E91DB00286136 /* GoogleService-Info.plist */; };
		26B6C754299E93B100286136 /* AppDelegate.swift in Sources */ = {isa = PBXBuildFile; fileRef = 26B6C753299E93B100286136 /* AppDelegate.swift */; };
		26B6C75C299EBE8C00286136 /* PDFKitRepresentedView.swift in Sources */ = {isa = PBXBuildFile; fileRef = 26B6C75A299EBE8C00286136 /* PDFKitRepresentedView.swift */; };
		26B6C76529A80AC200286136 /* FirebasePatientsListView.swift in Sources */ = {isa = PBXBuildFile; fileRef = 26B6C76429A80AC200286136 /* FirebasePatientsListView.swift */; };
		26FD1D2F29A8178C0086B74A /* FirebaseDatabase in Frameworks */ = {isa = PBXBuildFile; productRef = 26FD1D2E29A8178C0086B74A /* FirebaseDatabase */; };
		26FD1D3129A8178C0086B74A /* FirebaseDatabaseSwift in Frameworks */ = {isa = PBXBuildFile; productRef = 26FD1D3029A8178C0086B74A /* FirebaseDatabaseSwift */; };
		26FD1D3329A8178C0086B74A /* FirebaseStorage in Frameworks */ = {isa = PBXBuildFile; productRef = 26FD1D3229A8178C0086B74A /* FirebaseStorage */; };
		26FD1D3429A817FF0086B74A /* PatientLocalModel.swift in Sources */ = {isa = PBXBuildFile; fileRef = 26B6C76229A80A9800286136 /* PatientLocalModel.swift */; };
/* End PBXBuildFile section */

/* Begin PBXFileReference section */
		26B6C70C299D721000286136 /* FirebaseExercise.app */ = {isa = PBXFileReference; explicitFileType = wrapper.application; includeInIndex = 0; path = FirebaseExercise.app; sourceTree = BUILT_PRODUCTS_DIR; };
		26B6C70F299D721000286136 /* FirebaseExerciseApp.swift */ = {isa = PBXFileReference; lastKnownFileType = sourcecode.swift; path = FirebaseExerciseApp.swift; sourceTree = "<group>"; };
		26B6C711299D721000286136 /* ContentView.swift */ = {isa = PBXFileReference; lastKnownFileType = sourcecode.swift; path = ContentView.swift; sourceTree = "<group>"; };
		26B6C713299D721100286136 /* Assets.xcassets */ = {isa = PBXFileReference; lastKnownFileType = folder.assetcatalog; path = Assets.xcassets; sourceTree = "<group>"; };
		26B6C716299D721100286136 /* Preview Assets.xcassets */ = {isa = PBXFileReference; lastKnownFileType = folder.assetcatalog; path = "Preview Assets.xcassets"; sourceTree = "<group>"; };
		26B6C718299D721100286136 /* Persistence.swift */ = {isa = PBXFileReference; lastKnownFileType = sourcecode.swift; path = Persistence.swift; sourceTree = "<group>"; };
		26B6C71B299D721100286136 /* FirebaseExercise.xcdatamodel */ = {isa = PBXFileReference; lastKnownFileType = wrapper.xcdatamodel; path = FirebaseExercise.xcdatamodel; sourceTree = "<group>"; };
		26B6C722299E91DB00286136 /* GoogleService-Info.plist */ = {isa = PBXFileReference; fileEncoding = 4; lastKnownFileType = text.plist.xml; name = "GoogleService-Info.plist"; path = "../../../../../../../Downloads/GoogleService-Info.plist"; sourceTree = "<group>"; };
		26B6C753299E93B100286136 /* AppDelegate.swift */ = {isa = PBXFileReference; lastKnownFileType = sourcecode.swift; path = AppDelegate.swift; sourceTree = "<group>"; };
		26B6C75A299EBE8C00286136 /* PDFKitRepresentedView.swift */ = {isa = PBXFileReference; fileEncoding = 4; lastKnownFileType = sourcecode.swift; path = PDFKitRepresentedView.swift; sourceTree = "<group>"; };
		26B6C76229A80A9800286136 /* PatientLocalModel.swift */ = {isa = PBXFileReference; lastKnownFileType = sourcecode.swift; path = PatientLocalModel.swift; sourceTree = "<group>"; };
		26B6C76429A80AC200286136 /* FirebasePatientsListView.swift */ = {isa = PBXFileReference; lastKnownFileType = sourcecode.swift; path = FirebasePatientsListView.swift; sourceTree = "<group>"; };
/* End PBXFileReference section */

/* Begin PBXFrameworksBuildPhase section */
		26B6C709299D720F00286136 /* Frameworks */ = {
			isa = PBXFrameworksBuildPhase;
			buildActionMask = 2147483647;
			files = (
				26FD1D3129A8178C0086B74A /* FirebaseDatabaseSwift in Frameworks */,
				26FD1D2F29A8178C0086B74A /* FirebaseDatabase in Frameworks */,
				26FD1D3329A8178C0086B74A /* FirebaseStorage in Frameworks */,
			);
			runOnlyForDeploymentPostprocessing = 0;
		};
/* End PBXFrameworksBuildPhase section */

/* Begin PBXGroup section */
		26B6C703299D720F00286136 = {
			isa = PBXGroup;
			children = (
				26B6C70E299D721000286136 /* FirebaseExercise */,
				26B6C70D299D721000286136 /* Products */,
			);
			sourceTree = "<group>";
		};
		26B6C70D299D721000286136 /* Products */ = {
			isa = PBXGroup;
			children = (
				26B6C70C299D721000286136 /* FirebaseExercise.app */,
			);
			name = Products;
			sourceTree = "<group>";
		};
		26B6C70E299D721000286136 /* FirebaseExercise */ = {
			isa = PBXGroup;
			children = (
				26B6C722299E91DB00286136 /* GoogleService-Info.plist */,
				26B6C70F299D721000286136 /* FirebaseExerciseApp.swift */,
				26B6C76129A80A9800286136 /* Model */,
				26B6C76329A80AA100286136 /* View */,
				26B6C753299E93B100286136 /* AppDelegate.swift */,
				26B6C713299D721100286136 /* Assets.xcassets */,
				26B6C718299D721100286136 /* Persistence.swift */,
				26B6C71A299D721100286136 /* FirebaseExercise.xcdatamodeld */,
				26B6C715299D721100286136 /* Preview Content */,
			);
			path = FirebaseExercise;
			sourceTree = "<group>";
		};
		26B6C715299D721100286136 /* Preview Content */ = {
			isa = PBXGroup;
			children = (
				26B6C716299D721100286136 /* Preview Assets.xcassets */,
			);
			path = "Preview Content";
			sourceTree = "<group>";
		};
		26B6C76129A80A9800286136 /* Model */ = {
			isa = PBXGroup;
			children = (
			);
			path = Model;
			sourceTree = "<group>";
		};
		26B6C76329A80AA100286136 /* View */ = {
			isa = PBXGroup;
			children = (
				26B6C76229A80A9800286136 /* PatientLocalModel.swift */,
				26B6C75A299EBE8C00286136 /* PDFKitRepresentedView.swift */,
				26B6C711299D721000286136 /* ContentView.swift */,
				26B6C76429A80AC200286136 /* FirebasePatientsListView.swift */,
			);
			path = View;
			sourceTree = "<group>";
		};
/* End PBXGroup section */

/* Begin PBXNativeTarget section */
		26B6C70B299D720F00286136 /* FirebaseExercise */ = {
			isa = PBXNativeTarget;
			buildConfigurationList = 26B6C71F299D721100286136 /* Build configuration list for PBXNativeTarget "FirebaseExercise" */;
			buildPhases = (
				26B6C708299D720F00286136 /* Sources */,
				26B6C709299D720F00286136 /* Frameworks */,
				26B6C70A299D720F00286136 /* Resources */,
			);
			buildRules = (
			);
			dependencies = (
			);
			name = FirebaseExercise;
			packageProductDependencies = (
				26FD1D2E29A8178C0086B74A /* FirebaseDatabase */,
				26FD1D3029A8178C0086B74A /* FirebaseDatabaseSwift */,
				26FD1D3229A8178C0086B74A /* FirebaseStorage */,
			);
			productName = FirebaseExercise;
			productReference = 26B6C70C299D721000286136 /* FirebaseExercise.app */;
			productType = "com.apple.product-type.application";
		};
/* End PBXNativeTarget section */

/* Begin PBXProject section */
		26B6C704299D720F00286136 /* Project object */ = {
			isa = PBXProject;
			attributes = {
				BuildIndependentTargetsInParallel = 1;
				LastSwiftUpdateCheck = 1420;
				LastUpgradeCheck = 1420;
				TargetAttributes = {
					26B6C70B299D720F00286136 = {
						CreatedOnToolsVersion = 14.2;
					};
				};
			};
			buildConfigurationList = 26B6C707299D720F00286136 /* Build configuration list for PBXProject "FirebaseExercise" */;
			compatibilityVersion = "Xcode 14.0";
			developmentRegion = en;
			hasScannedForEncodings = 0;
			knownRegions = (
				en,
				Base,
			);
			mainGroup = 26B6C703299D720F00286136;
			packageReferences = (
				26FD1D2D29A8178C0086B74A /* XCRemoteSwiftPackageReference "firebase-ios-sdk" */,
			);
			productRefGroup = 26B6C70D299D721000286136 /* Products */;
			projectDirPath = "";
			projectRoot = "";
			targets = (
				26B6C70B299D720F00286136 /* FirebaseExercise */,
			);
		};
/* End PBXProject section */

/* Begin PBXResourcesBuildPhase section */
		26B6C70A299D720F00286136 /* Resources */ = {
			isa = PBXResourcesBuildPhase;
			buildActionMask = 2147483647;
			files = (
				26B6C717299D721100286136 /* Preview Assets.xcassets in Resources */,
				26B6C714299D721100286136 /* Assets.xcassets in Resources */,
				26B6C723299E91DB00286136 /* GoogleService-Info.plist in Resources */,
			);
			runOnlyForDeploymentPostprocessing = 0;
		};
/* End PBXResourcesBuildPhase section */

/* Begin PBXSourcesBuildPhase section */
		26B6C708299D720F00286136 /* Sources */ = {
			isa = PBXSourcesBuildPhase;
			buildActionMask = 2147483647;
			files = (
				26B6C719299D721100286136 /* Persistence.swift in Sources */,
				26B6C76529A80AC200286136 /* FirebasePatientsListView.swift in Sources */,
				26B6C712299D721000286136 /* ContentView.swift in Sources */,
				26FD1D3429A817FF0086B74A /* PatientLocalModel.swift in Sources */,
				26B6C71C299D721100286136 /* FirebaseExercise.xcdatamodeld in Sources */,
				26B6C754299E93B100286136 /* AppDelegate.swift in Sources */,
				26B6C710299D721000286136 /* FirebaseExerciseApp.swift in Sources */,
				26B6C75C299EBE8C00286136 /* PDFKitRepresentedView.swift in Sources */,
			);
			runOnlyForDeploymentPostprocessing = 0;
		};
/* End PBXSourcesBuildPhase section */

/* Begin XCBuildConfiguration section */
		26B6C71D299D721100286136 /* Debug */ = {
			isa = XCBuildConfiguration;
			buildSettings = {
				ALWAYS_SEARCH_USER_PATHS = NO;
				CLANG_ANALYZER_NONNULL = YES;
				CLANG_ANALYZER_NUMBER_OBJECT_CONVERSION = YES_AGGRESSIVE;
				CLANG_CXX_LANGUAGE_STANDARD = "gnu++20";
				CLANG_ENABLE_MODULES = YES;
				CLANG_ENABLE_OBJC_ARC = YES;
				CLANG_ENABLE_OBJC_WEAK = YES;
				CLANG_WARN_BLOCK_CAPTURE_AUTORELEASING = YES;
				CLANG_WARN_BOOL_CONVERSION = YES;
				CLANG_WARN_COMMA = YES;
				CLANG_WARN_CONSTANT_CONVERSION = YES;
				CLANG_WARN_DEPRECATED_OBJC_IMPLEMENTATIONS = YES;
				CLANG_WARN_DIRECT_OBJC_ISA_USAGE = YES_ERROR;
				CLANG_WARN_DOCUMENTATION_COMMENTS = YES;
				CLANG_WARN_EMPTY_BODY = YES;
				CLANG_WARN_ENUM_CONVERSION = YES;
				CLANG_WARN_INFINITE_RECURSION = YES;
				CLANG_WARN_INT_CONVERSION = YES;
				CLANG_WARN_NON_LITERAL_NULL_CONVERSION = YES;
				CLANG_WARN_OBJC_IMPLICIT_RETAIN_SELF = YES;
				CLANG_WARN_OBJC_LITERAL_CONVERSION = YES;
				CLANG_WARN_OBJC_ROOT_CLASS = YES_ERROR;
				CLANG_WARN_QUOTED_INCLUDE_IN_FRAMEWORK_HEADER = YES;
				CLANG_WARN_RANGE_LOOP_ANALYSIS = YES;
				CLANG_WARN_STRICT_PROTOTYPES = YES;
				CLANG_WARN_SUSPICIOUS_MOVE = YES;
				CLANG_WARN_UNGUARDED_AVAILABILITY = YES_AGGRESSIVE;
				CLANG_WARN_UNREACHABLE_CODE = YES;
				CLANG_WARN__DUPLICATE_METHOD_MATCH = YES;
				COPY_PHASE_STRIP = NO;
				DEBUG_INFORMATION_FORMAT = dwarf;
				ENABLE_STRICT_OBJC_MSGSEND = YES;
				ENABLE_TESTABILITY = YES;
				GCC_C_LANGUAGE_STANDARD = gnu11;
				GCC_DYNAMIC_NO_PIC = NO;
				GCC_NO_COMMON_BLOCKS = YES;
				GCC_OPTIMIZATION_LEVEL = 0;
				GCC_PREPROCESSOR_DEFINITIONS = (
					"DEBUG=1",
					"$(inherited)",
				);
				GCC_WARN_64_TO_32_BIT_CONVERSION = YES;
				GCC_WARN_ABOUT_RETURN_TYPE = YES_ERROR;
				GCC_WARN_UNDECLARED_SELECTOR = YES;
				GCC_WARN_UNINITIALIZED_AUTOS = YES_AGGRESSIVE;
				GCC_WARN_UNUSED_FUNCTION = YES;
				GCC_WARN_UNUSED_VARIABLE = YES;
				IPHONEOS_DEPLOYMENT_TARGET = 16.2;
				MTL_ENABLE_DEBUG_INFO = INCLUDE_SOURCE;
				MTL_FAST_MATH = YES;
				ONLY_ACTIVE_ARCH = YES;
				SDKROOT = iphoneos;
				SWIFT_ACTIVE_COMPILATION_CONDITIONS = DEBUG;
				SWIFT_OPTIMIZATION_LEVEL = "-Onone";
			};
			name = Debug;
		};
		26B6C71E299D721100286136 /* Release */ = {
			isa = XCBuildConfiguration;
			buildSettings = {
				ALWAYS_SEARCH_USER_PATHS = NO;
				CLANG_ANALYZER_NONNULL = YES;
				CLANG_ANALYZER_NUMBER_OBJECT_CONVERSION = YES_AGGRESSIVE;
				CLANG_CXX_LANGUAGE_STANDARD = "gnu++20";
				CLANG_ENABLE_MODULES = YES;
				CLANG_ENABLE_OBJC_ARC = YES;
				CLANG_ENABLE_OBJC_WEAK = YES;
				CLANG_WARN_BLOCK_CAPTURE_AUTORELEASING = YES;
				CLANG_WARN_BOOL_CONVERSION = YES;
				CLANG_WARN_COMMA = YES;
				CLANG_WARN_CONSTANT_CONVERSION = YES;
				CLANG_WARN_DEPRECATED_OBJC_IMPLEMENTATIONS = YES;
				CLANG_WARN_DIRECT_OBJC_ISA_USAGE = YES_ERROR;
				CLANG_WARN_DOCUMENTATION_COMMENTS = YES;
				CLANG_WARN_EMPTY_BODY = YES;
				CLANG_WARN_ENUM_CONVERSION = YES;
				CLANG_WARN_INFINITE_RECURSION = YES;
				CLANG_WARN_INT_CONVERSION = YES;
				CLANG_WARN_NON_LITERAL_NULL_CONVERSION = YES;
				CLANG_WARN_OBJC_IMPLICIT_RETAIN_SELF = YES;
				CLANG_WARN_OBJC_LITERAL_CONVERSION = YES;
				CLANG_WARN_OBJC_ROOT_CLASS = YES_ERROR;
				CLANG_WARN_QUOTED_INCLUDE_IN_FRAMEWORK_HEADER = YES;
				CLANG_WARN_RANGE_LOOP_ANALYSIS = YES;
				CLANG_WARN_STRICT_PROTOTYPES = YES;
				CLANG_WARN_SUSPICIOUS_MOVE = YES;
				CLANG_WARN_UNGUARDED_AVAILABILITY = YES_AGGRESSIVE;
				CLANG_WARN_UNREACHABLE_CODE = YES;
				CLANG_WARN__DUPLICATE_METHOD_MATCH = YES;
				COPY_PHASE_STRIP = NO;
				DEBUG_INFORMATION_FORMAT = "dwarf-with-dsym";
				ENABLE_NS_ASSERTIONS = NO;
				ENABLE_STRICT_OBJC_MSGSEND = YES;
				GCC_C_LANGUAGE_STANDARD = gnu11;
				GCC_NO_COMMON_BLOCKS = YES;
				GCC_WARN_64_TO_32_BIT_CONVERSION = YES;
				GCC_WARN_ABOUT_RETURN_TYPE = YES_ERROR;
				GCC_WARN_UNDECLARED_SELECTOR = YES;
				GCC_WARN_UNINITIALIZED_AUTOS = YES_AGGRESSIVE;
				GCC_WARN_UNUSED_FUNCTION = YES;
				GCC_WARN_UNUSED_VARIABLE = YES;
				IPHONEOS_DEPLOYMENT_TARGET = 16.2;
				MTL_ENABLE_DEBUG_INFO = NO;
				MTL_FAST_MATH = YES;
				SDKROOT = iphoneos;
				SWIFT_COMPILATION_MODE = wholemodule;
				SWIFT_OPTIMIZATION_LEVEL = "-O";
				VALIDATE_PRODUCT = YES;
			};
			name = Release;
		};
		26B6C720299D721100286136 /* Debug */ = {
			isa = XCBuildConfiguration;
			buildSettings = {
				ASSETCATALOG_COMPILER_APPICON_NAME = AppIcon;
				ASSETCATALOG_COMPILER_GLOBAL_ACCENT_COLOR_NAME = AccentColor;
				CODE_SIGN_STYLE = Automatic;
				CURRENT_PROJECT_VERSION = 1;
				DEVELOPMENT_ASSET_PATHS = "\"FirebaseExercise/Preview Content\"";
				DEVELOPMENT_TEAM = WSHKS965HP;
				ENABLE_PREVIEWS = YES;
				GENERATE_INFOPLIST_FILE = YES;
				INFOPLIST_KEY_UIApplicationSceneManifest_Generation = YES;
				INFOPLIST_KEY_UIApplicationSupportsIndirectInputEvents = YES;
				INFOPLIST_KEY_UILaunchScreen_Generation = YES;
				INFOPLIST_KEY_UISupportedInterfaceOrientations_iPad = "UIInterfaceOrientationPortrait UIInterfaceOrientationPortraitUpsideDown UIInterfaceOrientationLandscapeLeft UIInterfaceOrientationLandscapeRight";
				INFOPLIST_KEY_UISupportedInterfaceOrientations_iPhone = "UIInterfaceOrientationPortrait UIInterfaceOrientationLandscapeLeft UIInterfaceOrientationLandscapeRight";
				LD_RUNPATH_SEARCH_PATHS = (
					"$(inherited)",
					"@executable_path/Frameworks",
				);
				MARKETING_VERSION = 1.0;
				PRODUCT_BUNDLE_IDENTIFIER = com.jdallagnol.FirebaseExercise;
				PRODUCT_NAME = "$(TARGET_NAME)";
				SWIFT_EMIT_LOC_STRINGS = YES;
				SWIFT_VERSION = 5.0;
				TARGETED_DEVICE_FAMILY = "1,2";
			};
			name = Debug;
		};
		26B6C721299D721100286136 /* Release */ = {
			isa = XCBuildConfiguration;
			buildSettings = {
				ASSETCATALOG_COMPILER_APPICON_NAME = AppIcon;
				ASSETCATALOG_COMPILER_GLOBAL_ACCENT_COLOR_NAME = AccentColor;
				CODE_SIGN_STYLE = Automatic;
				CURRENT_PROJECT_VERSION = 1;
				DEVELOPMENT_ASSET_PATHS = "\"FirebaseExercise/Preview Content\"";
				DEVELOPMENT_TEAM = WSHKS965HP;
				ENABLE_PREVIEWS = YES;
				GENERATE_INFOPLIST_FILE = YES;
				INFOPLIST_KEY_UIApplicationSceneManifest_Generation = YES;
				INFOPLIST_KEY_UIApplicationSupportsIndirectInputEvents = YES;
				INFOPLIST_KEY_UILaunchScreen_Generation = YES;
				INFOPLIST_KEY_UISupportedInterfaceOrientations_iPad = "UIInterfaceOrientationPortrait UIInterfaceOrientationPortraitUpsideDown UIInterfaceOrientationLandscapeLeft UIInterfaceOrientationLandscapeRight";
				INFOPLIST_KEY_UISupportedInterfaceOrientations_iPhone = "UIInterfaceOrientationPortrait UIInterfaceOrientationLandscapeLeft UIInterfaceOrientationLandscapeRight";
				LD_RUNPATH_SEARCH_PATHS = (
					"$(inherited)",
					"@executable_path/Frameworks",
				);
				MARKETING_VERSION = 1.0;
				PRODUCT_BUNDLE_IDENTIFIER = com.jdallagnol.FirebaseExercise;
				PRODUCT_NAME = "$(TARGET_NAME)";
				SWIFT_EMIT_LOC_STRINGS = YES;
				SWIFT_VERSION = 5.0;
				TARGETED_DEVICE_FAMILY = "1,2";
			};
			name = Release;
		};
/* End XCBuildConfiguration section */

/* Begin XCConfigurationList section */
		26B6C707299D720F00286136 /* Build configuration list for PBXProject "FirebaseExercise" */ = {
			isa = XCConfigurationList;
			buildConfigurations = (
				26B6C71D299D721100286136 /* Debug */,
				26B6C71E299D721100286136 /* Release */,
			);
			defaultConfigurationIsVisible = 0;
			defaultConfigurationName = Release;
		};
		26B6C71F299D721100286136 /* Build configuration list for PBXNativeTarget "FirebaseExercise" */ = {
			isa = XCConfigurationList;
			buildConfigurations = (
				26B6C720299D721100286136 /* Debug */,
				26B6C721299D721100286136 /* Release */,
			);
			defaultConfigurationIsVisible = 0;
			defaultConfigurationName = Release;
		};
/* End XCConfigurationList section */

/* Begin XCRemoteSwiftPackageReference section */
		26FD1D2D29A8178C0086B74A /* XCRemoteSwiftPackageReference "firebase-ios-sdk" */ = {
			isa = XCRemoteSwiftPackageReference;
			repositoryURL = "https://github.com/firebase/firebase-ios-sdk";
			requirement = {
				kind = upToNextMajorVersion;
				minimumVersion = 9.6.0;
			};
		};
/* End XCRemoteSwiftPackageReference section */

/* Begin XCSwiftPackageProductDependency section */
		26FD1D2E29A8178C0086B74A /* FirebaseDatabase */ = {
			isa = XCSwiftPackageProductDependency;
			package = 26FD1D2D29A8178C0086B74A /* XCRemoteSwiftPackageReference "firebase-ios-sdk" */;
			productName = FirebaseDatabase;
		};
		26FD1D3029A8178C0086B74A /* FirebaseDatabaseSwift */ = {
			isa = XCSwiftPackageProductDependency;
			package = 26FD1D2D29A8178C0086B74A /* XCRemoteSwiftPackageReference "firebase-ios-sdk" */;
			productName = FirebaseDatabaseSwift;
		};
		26FD1D3229A8178C0086B74A /* FirebaseStorage */ = {
			isa = XCSwiftPackageProductDependency;
			package = 26FD1D2D29A8178C0086B74A /* XCRemoteSwiftPackageReference "firebase-ios-sdk" */;
			productName = FirebaseStorage;
		};
/* End XCSwiftPackageProductDependency section */

/* Begin XCVersionGroup section */
		26B6C71A299D721100286136 /* FirebaseExercise.xcdatamodeld */ = {
			isa = XCVersionGroup;
			children = (
				26B6C71B299D721100286136 /* FirebaseExercise.xcdatamodel */,
			);
			currentVersion = 26B6C71B299D721100286136 /* FirebaseExercise.xcdatamodel */;
			path = FirebaseExercise.xcdatamodeld;
			sourceTree = "<group>";
			versionGroupType = wrapper.xcdatamodel;
		};
/* End XCVersionGroup section */
	};
	rootObject = 26B6C704299D720F00286136 /* Project object */;
}
